
Microsoft Visual Studio Solution File, Format Version 12.00
# Visual Studio Version 16
VisualStudioVersion = 16.0.31911.196
MinimumVisualStudioVersion = 10.0.40219.1
Project("{FAE04EC0-301F-11D3-BF4B-00C04F79EFBC}") = "NEE", "NEE\NEE.csproj", "{8E2ACD0C-4F60-45A6-9947-BEA5934D6541}"
EndProject
Project("{FAE04EC0-301F-11D3-BF4B-00C04F79EFBC}") = "BLL", "BLL\BLL.csproj", "{055902EF-6DFF-4115-8020-041CB6D65EA4}"
EndProject
Project("{FAE04EC0-301F-11D3-BF4B-00C04F79EFBC}") = "DAL", "DAL\DAL.csproj", "{964CB9FB-80F8-42EE-B675-735B22BC70A6}"
EndProject
Project("{FAE04EC0-301F-11D3-BF4B-00C04F79EFBC}") = "DTO", "ConsoleApp1\DTO.csproj", "{D6AD9DA7-A4F8-44E2-BDA2-377BE4FC43AF}"
EndProject
Global
	GlobalSection(SolutionConfigurationPlatforms) = preSolution
		Debug|Any CPU = Debug|Any CPU
		Release|Any CPU = Release|Any CPU
	EndGlobalSection
	GlobalSection(ProjectConfigurationPlatforms) = postSolution
		{8E2ACD0C-4F60-45A6-9947-BEA5934D6541}.Debug|Any CPU.ActiveCfg = Debug|Any CPU
		{8E2ACD0C-4F60-45A6-9947-BEA5934D6541}.Debug|Any CPU.Build.0 = Debug|Any CPU
		{8E2ACD0C-4F60-45A6-9947-BEA5934D6541}.Release|Any CPU.ActiveCfg = Release|Any CPU
		{8E2ACD0C-4F60-45A6-9947-BEA5934D6541}.Release|Any CPU.Build.0 = Release|Any CPU
		{055902EF-6DFF-4115-8020-041CB6D65EA4}.Debug|Any CPU.ActiveCfg = Debug|Any CPU
		{055902EF-6DFF-4115-8020-041CB6D65EA4}.Debug|Any CPU.Build.0 = Debug|Any CPU
		{055902EF-6DFF-4115-8020-041CB6D65EA4}.Release|Any CPU.ActiveCfg = Release|Any CPU
		{055902EF-6DFF-4115-8020-041CB6D65EA4}.Release|Any CPU.Build.0 = Release|Any CPU
		{964CB9FB-80F8-42EE-B675-735B22BC70A6}.Debug|Any CPU.ActiveCfg = Debug|Any CPU
		{964CB9FB-80F8-42EE-B675-735B22BC70A6}.Debug|Any CPU.Build.0 = Debug|Any CPU
		{964CB9FB-80F8-42EE-B675-735B22BC70A6}.Release|Any CPU.ActiveCfg = Release|Any CPU
		{964CB9FB-80F8-42EE-B675-735B22BC70A6}.Release|Any CPU.Build.0 = Release|Any CPU
		{D6AD9DA7-A4F8-44E2-BDA2-377BE4FC43AF}.Debug|Any CPU.ActiveCfg = Debug|Any CPU
		{D6AD9DA7-A4F8-44E2-BDA2-377BE4FC43AF}.Debug|Any CPU.Build.0 = Debug|Any CPU
		{D6AD9DA7-A4F8-44E2-BDA2-377BE4FC43AF}.Release|Any CPU.ActiveCfg = Release|Any CPU
		{D6AD9DA7-A4F8-44E2-BDA2-377BE4FC43AF}.Release|Any CPU.Build.0 = Release|Any CPU
	EndGlobalSection
	GlobalSection(SolutionProperties) = preSolution
		HideSolutionNode = FALSE
	EndGlobalSection
	GlobalSection(ExtensibilityGlobals) = postSolution
		SolutionGuid = {457B3DCB-4D76-409C-98E8-36FD1AF6F0F4}
	EndGlobalSection
EndGlobal
